
Microsoft Visual Studio Solution File, Format Version 12.00
# Visual Studio Version 17
VisualStudioVersion = 17.9.34902.65
MinimumVisualStudioVersion = 10.0.40219.1
Project("{2150E333-8FDC-42A3-9474-1A3956D46DE8}") = "ConsolidationService", "ConsolidationService", "{D041B752-67FF-48D3-8A1C-0F5AAB67CC83}"
EndProject
Project("{2150E333-8FDC-42A3-9474-1A3956D46DE8}") = "TransactionService", "TransactionService", "{2CD89894-C667-4C78-977B-D7D7405E2F1D}"
EndProject
Project("{2150E333-8FDC-42A3-9474-1A3956D46DE8}") = "API", "API", "{4DB05826-C387-4652-B8F8-E9E7B9242972}"
EndProject
Project("{2150E333-8FDC-42A3-9474-1A3956D46DE8}") = "Application", "Application", "{B9FFD91E-1E7C-497E-8958-3E780911A9FF}"
EndProject
Project("{2150E333-8FDC-42A3-9474-1A3956D46DE8}") = "Infrastructure", "Infrastructure", "{7EEF6811-FEBE-4C4F-9680-C68C44562BB5}"
EndProject
Project("{2150E333-8FDC-42A3-9474-1A3956D46DE8}") = "Tests", "Tests", "{416E1103-11A9-46DA-ADC6-16F42945F570}"
EndProject
Project("{2150E333-8FDC-42A3-9474-1A3956D46DE8}") = "API", "API", "{93171B9A-20BB-4663-B99B-E2F707FC55CD}"
EndProject
Project("{2150E333-8FDC-42A3-9474-1A3956D46DE8}") = "Application", "Application", "{AA4BD3CB-CFA1-4A48-902F-7EA5CEAACD7C}"
EndProject
Project("{2150E333-8FDC-42A3-9474-1A3956D46DE8}") = "Infrastructure", "Infrastructure", "{9DC379C3-067E-4B02-A432-3953AEB80B5C}"
EndProject
Project("{2150E333-8FDC-42A3-9474-1A3956D46DE8}") = "Tests", "Tests", "{6AAFA010-4EBD-4F7E-AAC6-B88EECCE219C}"
EndProject
Project("{FAE04EC0-301F-11D3-BF4B-00C04F79EFBC}") = "ConsolidationService.API", "ConsolidationService\ConsolidationService.API\ConsolidationService.API.csproj", "{DA8DBACC-6FC9-49EB-9355-FA96F554ABC5}"
EndProject
Project("{FAE04EC0-301F-11D3-BF4B-00C04F79EFBC}") = "ConsolidationService.Application", "ConsolidationService\ConsolidationService.Application\ConsolidationService.Application.csproj", "{78D2B356-6817-4DDB-8D80-9DF3D58F5FF7}"
EndProject
Project("{FAE04EC0-301F-11D3-BF4B-00C04F79EFBC}") = "ConsolidationService.Infrastructure", "ConsolidationService\ConsolidationService.Infrastructure\ConsolidationService.Infrastructure.csproj", "{18744F5B-870F-4953-B66A-B36F81091061}"
EndProject
Project("{FAE04EC0-301F-11D3-BF4B-00C04F79EFBC}") = "ConsolidationService.Tests", "ConsolidationService\ConsolidationService.Tests\ConsolidationService.Tests.csproj", "{AC368665-9E09-49EF-99FB-2B290D63D3C3}"
EndProject
Project("{FAE04EC0-301F-11D3-BF4B-00C04F79EFBC}") = "TransactionService.API", "TransactionService\TransactionService.API\TransactionService.API.csproj", "{01D99C54-77FF-4BC4-B057-B638C8986F2E}"
EndProject
Project("{FAE04EC0-301F-11D3-BF4B-00C04F79EFBC}") = "TransactionService.Application", "TransactionService\TransactionService.Application\TransactionService.Application.csproj", "{D439AFDF-89AD-439D-8E04-0957B9F1CEB7}"
EndProject
Project("{FAE04EC0-301F-11D3-BF4B-00C04F79EFBC}") = "TransactionService.Infrastructure", "TransactionService\TransactionService.Infrastructure\TransactionService.Infrastructure.csproj", "{60ECF11A-7DAF-4FC2-B644-E5899A16EFE6}"
EndProject
Project("{FAE04EC0-301F-11D3-BF4B-00C04F79EFBC}") = "TransactionService.Tests", "TransactionService\TransactionService.Tests\TransactionService.Tests.csproj", "{66276F58-B572-46B1-B569-C399862B55FF}"
EndProject
Project("{FAE04EC0-301F-11D3-BF4B-00C04F79EFBC}") = "ConsolidationService.Domain", "ConsolidationService\ConsolidationService.Domain\ConsolidationService.Domain.csproj", "{20149B67-9E2F-4143-BAE9-F847F1AAC3B1}"
EndProject
Project("{2150E333-8FDC-42A3-9474-1A3956D46DE8}") = "Domain", "Domain", "{DF24D03A-9D8D-4084-ABF6-2800F5D2C256}"
EndProject
Global
	GlobalSection(SolutionConfigurationPlatforms) = preSolution
		Debug|Any CPU = Debug|Any CPU
		Release|Any CPU = Release|Any CPU
	EndGlobalSection
	GlobalSection(ProjectConfigurationPlatforms) = postSolution
		{DA8DBACC-6FC9-49EB-9355-FA96F554ABC5}.Debug|Any CPU.ActiveCfg = Debug|Any CPU
		{DA8DBACC-6FC9-49EB-9355-FA96F554ABC5}.Debug|Any CPU.Build.0 = Debug|Any CPU
		{DA8DBACC-6FC9-49EB-9355-FA96F554ABC5}.Release|Any CPU.ActiveCfg = Release|Any CPU
		{DA8DBACC-6FC9-49EB-9355-FA96F554ABC5}.Release|Any CPU.Build.0 = Release|Any CPU
		{78D2B356-6817-4DDB-8D80-9DF3D58F5FF7}.Debug|Any CPU.ActiveCfg = Debug|Any CPU
		{78D2B356-6817-4DDB-8D80-9DF3D58F5FF7}.Debug|Any CPU.Build.0 = Debug|Any CPU
		{78D2B356-6817-4DDB-8D80-9DF3D58F5FF7}.Release|Any CPU.ActiveCfg = Release|Any CPU
		{78D2B356-6817-4DDB-8D80-9DF3D58F5FF7}.Release|Any CPU.Build.0 = Release|Any CPU
		{18744F5B-870F-4953-B66A-B36F81091061}.Debug|Any CPU.ActiveCfg = Debug|Any CPU
		{18744F5B-870F-4953-B66A-B36F81091061}.Debug|Any CPU.Build.0 = Debug|Any CPU
		{18744F5B-870F-4953-B66A-B36F81091061}.Release|Any CPU.ActiveCfg = Release|Any CPU
		{18744F5B-870F-4953-B66A-B36F81091061}.Release|Any CPU.Build.0 = Release|Any CPU
		{AC368665-9E09-49EF-99FB-2B290D63D3C3}.Debug|Any CPU.ActiveCfg = Debug|Any CPU
		{AC368665-9E09-49EF-99FB-2B290D63D3C3}.Debug|Any CPU.Build.0 = Debug|Any CPU
		{AC368665-9E09-49EF-99FB-2B290D63D3C3}.Release|Any CPU.ActiveCfg = Release|Any CPU
		{AC368665-9E09-49EF-99FB-2B290D63D3C3}.Release|Any CPU.Build.0 = Release|Any CPU
		{01D99C54-77FF-4BC4-B057-B638C8986F2E}.Debug|Any CPU.ActiveCfg = Debug|Any CPU
		{01D99C54-77FF-4BC4-B057-B638C8986F2E}.Debug|Any CPU.Build.0 = Debug|Any CPU
		{01D99C54-77FF-4BC4-B057-B638C8986F2E}.Release|Any CPU.ActiveCfg = Release|Any CPU
		{01D99C54-77FF-4BC4-B057-B638C8986F2E}.Release|Any CPU.Build.0 = Release|Any CPU
		{D439AFDF-89AD-439D-8E04-0957B9F1CEB7}.Debug|Any CPU.ActiveCfg = Debug|Any CPU
		{D439AFDF-89AD-439D-8E04-0957B9F1CEB7}.Debug|Any CPU.Build.0 = Debug|Any CPU
		{D439AFDF-89AD-439D-8E04-0957B9F1CEB7}.Release|Any CPU.ActiveCfg = Release|Any CPU
		{D439AFDF-89AD-439D-8E04-0957B9F1CEB7}.Release|Any CPU.Build.0 = Release|Any CPU
		{60ECF11A-7DAF-4FC2-B644-E5899A16EFE6}.Debug|Any CPU.ActiveCfg = Debug|Any CPU
		{60ECF11A-7DAF-4FC2-B644-E5899A16EFE6}.Debug|Any CPU.Build.0 = Debug|Any CPU
		{60ECF11A-7DAF-4FC2-B644-E5899A16EFE6}.Release|Any CPU.ActiveCfg = Release|Any CPU
		{60ECF11A-7DAF-4FC2-B644-E5899A16EFE6}.Release|Any CPU.Build.0 = Release|Any CPU
		{66276F58-B572-46B1-B569-C399862B55FF}.Debug|Any CPU.ActiveCfg = Debug|Any CPU
		{66276F58-B572-46B1-B569-C399862B55FF}.Debug|Any CPU.Build.0 = Debug|Any CPU
		{66276F58-B572-46B1-B569-C399862B55FF}.Release|Any CPU.ActiveCfg = Release|Any CPU
		{66276F58-B572-46B1-B569-C399862B55FF}.Release|Any CPU.Build.0 = Release|Any CPU
		{20149B67-9E2F-4143-BAE9-F847F1AAC3B1}.Debug|Any CPU.ActiveCfg = Debug|Any CPU
		{20149B67-9E2F-4143-BAE9-F847F1AAC3B1}.Debug|Any CPU.Build.0 = Debug|Any CPU
		{20149B67-9E2F-4143-BAE9-F847F1AAC3B1}.Release|Any CPU.ActiveCfg = Release|Any CPU
		{20149B67-9E2F-4143-BAE9-F847F1AAC3B1}.Release|Any CPU.Build.0 = Release|Any CPU
	EndGlobalSection
	GlobalSection(SolutionProperties) = preSolution
		HideSolutionNode = FALSE
	EndGlobalSection
	GlobalSection(NestedProjects) = preSolution
		{4DB05826-C387-4652-B8F8-E9E7B9242972} = {D041B752-67FF-48D3-8A1C-0F5AAB67CC83}
		{B9FFD91E-1E7C-497E-8958-3E780911A9FF} = {D041B752-67FF-48D3-8A1C-0F5AAB67CC83}
		{7EEF6811-FEBE-4C4F-9680-C68C44562BB5} = {D041B752-67FF-48D3-8A1C-0F5AAB67CC83}
		{416E1103-11A9-46DA-ADC6-16F42945F570} = {D041B752-67FF-48D3-8A1C-0F5AAB67CC83}
		{93171B9A-20BB-4663-B99B-E2F707FC55CD} = {2CD89894-C667-4C78-977B-D7D7405E2F1D}
		{AA4BD3CB-CFA1-4A48-902F-7EA5CEAACD7C} = {2CD89894-C667-4C78-977B-D7D7405E2F1D}
		{9DC379C3-067E-4B02-A432-3953AEB80B5C} = {2CD89894-C667-4C78-977B-D7D7405E2F1D}
		{6AAFA010-4EBD-4F7E-AAC6-B88EECCE219C} = {2CD89894-C667-4C78-977B-D7D7405E2F1D}
		{DA8DBACC-6FC9-49EB-9355-FA96F554ABC5} = {4DB05826-C387-4652-B8F8-E9E7B9242972}
		{78D2B356-6817-4DDB-8D80-9DF3D58F5FF7} = {B9FFD91E-1E7C-497E-8958-3E780911A9FF}
		{18744F5B-870F-4953-B66A-B36F81091061} = {7EEF6811-FEBE-4C4F-9680-C68C44562BB5}
		{AC368665-9E09-49EF-99FB-2B290D63D3C3} = {416E1103-11A9-46DA-ADC6-16F42945F570}
		{01D99C54-77FF-4BC4-B057-B638C8986F2E} = {93171B9A-20BB-4663-B99B-E2F707FC55CD}
		{D439AFDF-89AD-439D-8E04-0957B9F1CEB7} = {AA4BD3CB-CFA1-4A48-902F-7EA5CEAACD7C}
		{60ECF11A-7DAF-4FC2-B644-E5899A16EFE6} = {9DC379C3-067E-4B02-A432-3953AEB80B5C}
		{66276F58-B572-46B1-B569-C399862B55FF} = {6AAFA010-4EBD-4F7E-AAC6-B88EECCE219C}
		{20149B67-9E2F-4143-BAE9-F847F1AAC3B1} = {DF24D03A-9D8D-4084-ABF6-2800F5D2C256}
		{DF24D03A-9D8D-4084-ABF6-2800F5D2C256} = {D041B752-67FF-48D3-8A1C-0F5AAB67CC83}
	EndGlobalSection
	GlobalSection(ExtensibilityGlobals) = postSolution
		SolutionGuid = {5C9CA53F-CE3D-455C-9A58-4DAF77A76F12}
	EndGlobalSection
EndGlobal
